# This file was autogenerated by Stack.
# You should not edit this file by hand.
# For more information, please see the documentation at:
#   https://docs.haskellstack.org/en/stable/lock_files

packages: []
snapshots:
- completed:
    size: 502604
    url: https://raw.githubusercontent.com/commercialhaskell/stackage-snapshots/master/lts/12/9.yaml
    sha256: 2b315ae05e003ce72e96e54849e8f8479959c45f750a814a018ff88bdaeaeff9
  original: lts-12.9
